{
  "name": "browser-cache-clearer",
  "version": "1.0.5",
  "lockfileVersion": 3,
  "requires": true,
  "packages": {
    "": {
      "name": "browser-cache-clearer",
      "version": "1.0.5",
      "license": "ISC",
      "dependencies": {
        "browser-cache-clearer": "^1.0.4"
      },
      "bin": {
        "clear-browser-cache": "clearcache.js"
      },
      "devDependencies": {}
    },
    "node_modules/browser-cache-clearer": {
      "version": "1.0.4",
      "resolved": "https://registry.npmjs.org/browser-cache-clearer/-/browser-cache-clearer-1.0.4.tgz",
      "integrity": "sha512-Qq58sfhIWF4uDwoklrv08wnGWDlf3yjfWV3bnMP4ZN/9TTkT9cEad7cIlY292bdLhal93Vzmt+AP8ibtKxsvNA==",
      "license": "ISC",
      "dependencies": {
        "browser-cache-clearer": "^1.0.3"
      },
      "bin": {
        "clear-browser-cache": "clearcache.js"
      }
    }
  }
}
